
Microsoft Visual Studio Solution File, Format Version 10.00
# Visual C++ Express 2008
Project("{8BC9CEB8-8B4A-11D0-8D11-00A0C91BC942}") = "ELL", "ELL\ELL.vcproj", "{36A4BCA5-13E1-4BC7-8345-F17D1BB07FD8}"
EndProject
Project("{8BC9CEB8-8B4A-11D0-8D11-00A0C91BC942}") = "ELLXML", "ELLXML\ELLXML.vcproj", "{3594BAB0-802B-4A39-9F49-F02703A1C36B}"
EndProject
Global
	GlobalSection(SolutionConfigurationPlatforms) = preSolution
		Debug|Win32 = Debug|Win32
		Release|Win32 = Release|Win32
	EndGlobalSection
	GlobalSection(ProjectConfigurationPlatforms) = postSolution
		{36A4BCA5-13E1-4BC7-8345-F17D1BB07FD8}.Debug|Win32.ActiveCfg = Debug|Win32
		{36A4BCA5-13E1-4BC7-8345-F17D1BB07FD8}.Debug|Win32.Build.0 = Debug|Win32
		{36A4BCA5-13E1-4BC7-8345-F17D1BB07FD8}.Release|Win32.ActiveCfg = Release|Win32
		{36A4BCA5-13E1-4BC7-8345-F17D1BB07FD8}.Release|Win32.Build.0 = Release|Win32
		{3594BAB0-802B-4A39-9F49-F02703A1C36B}.Debug|Win32.ActiveCfg = Debug|Win32
		{3594BAB0-802B-4A39-9F49-F02703A1C36B}.Debug|Win32.Build.0 = Debug|Win32
		{3594BAB0-802B-4A39-9F49-F02703A1C36B}.Release|Win32.ActiveCfg = Release|Win32
		{3594BAB0-802B-4A39-9F49-F02703A1C36B}.Release|Win32.Build.0 = Release|Win32
	EndGlobalSection
	GlobalSection(SolutionProperties) = preSolution
		HideSolutionNode = FALSE
	EndGlobalSection
EndGlobal
